
Microsoft Visual Studio Solution File, Format Version 12.00
# Visual Studio Version 16
VisualStudioVersion = 16.0.28822.285
MinimumVisualStudioVersion = 10.0.40219.1
Project("{9A19103F-16F7-4668-BE54-9A1E7A4F7556}") = "BlazNotes", "BlazNotes\BlazNotes.csproj", "{3A84F455-F03A-4AE0-849B-98E4ECBB1594}"
EndProject
Global
	GlobalSection(SolutionConfigurationPlatforms) = preSolution
		Debug|Any CPU = Debug|Any CPU
		Release|Any CPU = Release|Any CPU
	EndGlobalSection
	GlobalSection(ProjectConfigurationPlatforms) = postSolution
		{3A84F455-F03A-4AE0-849B-98E4ECBB1594}.Debug|Any CPU.ActiveCfg = Debug|Any CPU
		{3A84F455-F03A-4AE0-849B-98E4ECBB1594}.Debug|Any CPU.Build.0 = Debug|Any CPU
		{3A84F455-F03A-4AE0-849B-98E4ECBB1594}.Release|Any CPU.ActiveCfg = Release|Any CPU
		{3A84F455-F03A-4AE0-849B-98E4ECBB1594}.Release|Any CPU.Build.0 = Release|Any CPU
	EndGlobalSection
	GlobalSection(SolutionProperties) = preSolution
		HideSolutionNode = FALSE
	EndGlobalSection
	GlobalSection(ExtensibilityGlobals) = postSolution
		SolutionGuid = {8150E16A-B456-4297-BF4A-F8D3CE1E8298}
	EndGlobalSection
EndGlobal
